
Microsoft Visual Studio Solution File, Format Version 12.00
# Visual Studio 2012
Project("{8BC9CEB8-8B4A-11D0-8D11-00A0C91BC942}") = "KopfJBU", "KopfJBU\KopfJBU.vcxproj", "{D0DB6B95-C564-4B44-AEDB-58D6F1BDE6D5}"
EndProject
Global
	GlobalSection(SolutionConfigurationPlatforms) = preSolution
		Debug|Win32 = Debug|Win32
		Release|Win32 = Release|Win32
	EndGlobalSection
	GlobalSection(ProjectConfigurationPlatforms) = postSolution
		{D0DB6B95-C564-4B44-AEDB-58D6F1BDE6D5}.Debug|Win32.ActiveCfg = Debug|Win32
		{D0DB6B95-C564-4B44-AEDB-58D6F1BDE6D5}.Debug|Win32.Build.0 = Debug|Win32
		{D0DB6B95-C564-4B44-AEDB-58D6F1BDE6D5}.Release|Win32.ActiveCfg = Release|Win32
		{D0DB6B95-C564-4B44-AEDB-58D6F1BDE6D5}.Release|Win32.Build.0 = Release|Win32
	EndGlobalSection
	GlobalSection(SolutionProperties) = preSolution
		HideSolutionNode = FALSE
	EndGlobalSection
	GlobalSection(Performance) = preSolution
		HasPerformanceSessions = true
	EndGlobalSection
EndGlobal
